
Microsoft Visual Studio Solution File, Format Version 12.00
# Visual Studio 15
VisualStudioVersion = 15.0.27130.2010
MinimumVisualStudioVersion = 10.0.40219.1
Project("{FAE04EC0-301F-11D3-BF4B-00C04F79EFBC}") = "Omnicx.WebStore.Models", "Omnicx.WebStore.Models\Omnicx.WebStore.Models.csproj", "{404D2B03-F5CF-4E2E-B05E-0EC7311916A7}"
EndProject
Project("{FAE04EC0-301F-11D3-BF4B-00C04F79EFBC}") = "Omnicx.WebStore.Core", "Omnicx.WebStore.Core\Omnicx.WebStore.Core.csproj", "{634877C1-92FB-4B43-B59F-E8438A3F7424}"
EndProject
Project("{FAE04EC0-301F-11D3-BF4B-00C04F79EFBC}") = "Omnicx.API.SDK", "Omnicx.API.SDK\Omnicx.API.SDK.csproj", "{267B329B-0A25-4136-AF47-668C45F0F0CF}"
EndProject
Project("{FAE04EC0-301F-11D3-BF4B-00C04F79EFBC}") = "Omnicx.WebStore.Debug", "Omnicx.WebStore\Omnicx.WebStore\Omnicx.WebStore.Debug.csproj", "{D7E752DA-160E-4906-B839-896FF66FC991}"
EndProject
Project("{2150E333-8FDC-42A3-9474-1A3956D46DE8}") = "01. Presentation Layer", "01. Presentation Layer", "{42F1CF71-E2ED-4448-A86E-59CF638D6645}"
EndProject
Project("{2150E333-8FDC-42A3-9474-1A3956D46DE8}") = "02. Core", "02. Core", "{42956518-7BE9-42B8-8C3D-78BBFEDF9D8E}"
EndProject
Project("{2150E333-8FDC-42A3-9474-1A3956D46DE8}") = "03. API SDK", "03. API SDK", "{C08AB571-3C8D-448C-B116-BBC87D3EADD3}"
EndProject
Global
	GlobalSection(SolutionConfigurationPlatforms) = preSolution
		Debug|Any CPU = Debug|Any CPU
		Release|Any CPU = Release|Any CPU
	EndGlobalSection
	GlobalSection(ProjectConfigurationPlatforms) = postSolution
		{404D2B03-F5CF-4E2E-B05E-0EC7311916A7}.Debug|Any CPU.ActiveCfg = Debug|Any CPU
		{404D2B03-F5CF-4E2E-B05E-0EC7311916A7}.Debug|Any CPU.Build.0 = Debug|Any CPU
		{404D2B03-F5CF-4E2E-B05E-0EC7311916A7}.Release|Any CPU.ActiveCfg = Release|Any CPU
		{404D2B03-F5CF-4E2E-B05E-0EC7311916A7}.Release|Any CPU.Build.0 = Release|Any CPU
		{634877C1-92FB-4B43-B59F-E8438A3F7424}.Debug|Any CPU.ActiveCfg = Debug|Any CPU
		{634877C1-92FB-4B43-B59F-E8438A3F7424}.Debug|Any CPU.Build.0 = Debug|Any CPU
		{634877C1-92FB-4B43-B59F-E8438A3F7424}.Release|Any CPU.ActiveCfg = Release|Any CPU
		{634877C1-92FB-4B43-B59F-E8438A3F7424}.Release|Any CPU.Build.0 = Release|Any CPU
		{267B329B-0A25-4136-AF47-668C45F0F0CF}.Debug|Any CPU.ActiveCfg = Debug|Any CPU
		{267B329B-0A25-4136-AF47-668C45F0F0CF}.Debug|Any CPU.Build.0 = Debug|Any CPU
		{267B329B-0A25-4136-AF47-668C45F0F0CF}.Release|Any CPU.ActiveCfg = Release|Any CPU
		{267B329B-0A25-4136-AF47-668C45F0F0CF}.Release|Any CPU.Build.0 = Release|Any CPU
		{D7E752DA-160E-4906-B839-896FF66FC991}.Debug|Any CPU.ActiveCfg = Debug|Any CPU
		{D7E752DA-160E-4906-B839-896FF66FC991}.Debug|Any CPU.Build.0 = Debug|Any CPU
		{D7E752DA-160E-4906-B839-896FF66FC991}.Release|Any CPU.ActiveCfg = Release|Any CPU
		{D7E752DA-160E-4906-B839-896FF66FC991}.Release|Any CPU.Build.0 = Release|Any CPU
	EndGlobalSection
	GlobalSection(SolutionProperties) = preSolution
		HideSolutionNode = FALSE
	EndGlobalSection
	GlobalSection(NestedProjects) = preSolution
		{404D2B03-F5CF-4E2E-B05E-0EC7311916A7} = {42956518-7BE9-42B8-8C3D-78BBFEDF9D8E}
		{634877C1-92FB-4B43-B59F-E8438A3F7424} = {42956518-7BE9-42B8-8C3D-78BBFEDF9D8E}
		{267B329B-0A25-4136-AF47-668C45F0F0CF} = {C08AB571-3C8D-448C-B116-BBC87D3EADD3}
		{D7E752DA-160E-4906-B839-896FF66FC991} = {42F1CF71-E2ED-4448-A86E-59CF638D6645}
	EndGlobalSection
	GlobalSection(ExtensibilityGlobals) = postSolution
		SolutionGuid = {062E3A29-AB20-48D1-A1CC-B08EC1105256}
	EndGlobalSection
EndGlobal
